// !$*UTF8*$!
{
	archiveVersion = 1;
	classes = {
	};
	objectVersion = 46;
	objects = {

/* Begin PBXBuildFile section */
		6CFCBC7C1D16233300C186AC /* main.m in Sources */ = {isa = PBXBuildFile; fileRef = 6CFCBC7B1D16233300C186AC /* main.m */; };
		6CFCBC7F1D16233300C186AC /* AppDelegate.m in Sources */ = {isa = PBXBuildFile; fileRef = 6CFCBC7E1D16233300C186AC /* AppDelegate.m */; };
		6CFCBC821D16233300C186AC /* ViewController.m in Sources */ = {isa = PBXBuildFile; fileRef = 6CFCBC811D16233300C186AC /* ViewController.m */; };
		6CFCBC851D16233300C186AC /* Main.storyboard in Resources */ = {isa = PBXBuildFile; fileRef = 6CFCBC831D16233300C186AC /* Main.storyboard */; };
		6CFCBC871D16233300C186AC /* Assets.xcassets in Resources */ = {isa = PBXBuildFile; fileRef = 6CFCBC861D16233300C186AC /* Assets.xcassets */; };
		6CFCBC8A1D16233300C186AC /* LaunchScreen.storyboard in Resources */ = {isa = PBXBuildFile; fileRef = 6CFCBC881D16233300C186AC /* LaunchScreen.storyboard */; };
		6CFCBC951D16233300C186AC /* paibanUITests.m in Sources */ = {isa = PBXBuildFile; fileRef = 6CFCBC941D16233300C186AC /* paibanUITests.m */; };
		6CFCBCA11D1623D400C186AC /* Work.m in Sources */ = {isa = PBXBuildFile; fileRef = 6CFCBCA01D1623D400C186AC /* Work.m */; };
		6CFCBCA41D1623E400C186AC /* Person.m in Sources */ = {isa = PBXBuildFile; fileRef = 6CFCBCA31D1623E400C186AC /* Person.m */; };
		6CFCBCA71D16B4F000C186AC /* WorkEngine.m in Sources */ = {isa = PBXBuildFile; fileRef = 6CFCBCA61D16B4F000C186AC /* WorkEngine.m */; };
		6CFCBCAA1D16D49B00C186AC /* PersonEngine.m in Sources */ = {isa = PBXBuildFile; fileRef = 6CFCBCA91D16D49B00C186AC /* PersonEngine.m */; };
/* End PBXBuildFile section */

/* Begin PBXContainerItemProxy section */
		6CFCBC911D16233300C186AC /* PBXContainerItemProxy */ = {
			isa = PBXContainerItemProxy;
			containerPortal = 6CFCBC6F1D16233300C186AC /* Project object */;
			proxyType = 1;
			remoteGlobalIDString = 6CFCBC761D16233300C186AC;
			remoteInfo = paiban;
		};
/* End PBXContainerItemProxy section */

/* Begin PBXFileReference section */
		6CFCBC771D16233300C186AC /* paiban.app */ = {isa = PBXFileReference; explicitFileType = wrapper.application; includeInIndex = 0; path = paiban.app; sourceTree = BUILT_PRODUCTS_DIR; };
		6CFCBC7B1D16233300C186AC /* main.m */ = {isa = PBXFileReference; lastKnownFileType = sourcecode.c.objc; path = main.m; sourceTree = "<group>"; };
		6CFCBC7D1D16233300C186AC /* AppDelegate.h */ = {isa = PBXFileReference; lastKnownFileType = sourcecode.c.h; path = AppDelegate.h; sourceTree = "<group>"; };
		6CFCBC7E1D16233300C186AC /* AppDelegate.m */ = {isa = PBXFileReference; lastKnownFileType = sourcecode.c.objc; path = AppDelegate.m; sourceTree = "<group>"; };
		6CFCBC801D16233300C186AC /* ViewController.h */ = {isa = PBXFileReference; lastKnownFileType = sourcecode.c.h; path = ViewController.h; sourceTree = "<group>"; };
		6CFCBC811D16233300C186AC /* ViewController.m */ = {isa = PBXFileReference; lastKnownFileType = sourcecode.c.objc; path = ViewController.m; sourceTree = "<group>"; };
		6CFCBC841D16233300C186AC /* Base */ = {isa = PBXFileReference; lastKnownFileType = file.storyboard; name = Base; path = Base.lproj/Main.storyboard; sourceTree = "<group>"; };
		6CFCBC861D16233300C186AC /* Assets.xcassets */ = {isa = PBXFileReference; lastKnownFileType = folder.assetcatalog; path = Assets.xcassets; sourceTree = "<group>"; };
		6CFCBC891D16233300C186AC /* Base */ = {isa = PBXFileReference; lastKnownFileType = file.storyboard; name = Base; path = Base.lproj/LaunchScreen.storyboard; sourceTree = "<group>"; };
		6CFCBC8B1D16233300C186AC /* Info.plist */ = {isa = PBXFileReference; lastKnownFileType = text.plist.xml; path = Info.plist; sourceTree = "<group>"; };
		6CFCBC901D16233300C186AC /* paibanUITests.xctest */ = {isa = PBXFileReference; explicitFileType = wrapper.cfbundle; includeInIndex = 0; path = paibanUITests.xctest; sourceTree = BUILT_PRODUCTS_DIR; };
		6CFCBC941D16233300C186AC /* paibanUITests.m */ = {isa = PBXFileReference; lastKnownFileType = sourcecode.c.objc; path = paibanUITests.m; sourceTree = "<group>"; };
		6CFCBC961D16233300C186AC /* Info.plist */ = {isa = PBXFileReference; lastKnownFileType = text.plist.xml; path = Info.plist; sourceTree = "<group>"; };
		6CFCBC9F1D1623D400C186AC /* Work.h */ = {isa = PBXFileReference; fileEncoding = 4; lastKnownFileType = sourcecode.c.h; path = Work.h; sourceTree = "<group>"; };
		6CFCBCA01D1623D400C186AC /* Work.m */ = {isa = PBXFileReference; fileEncoding = 4; lastKnownFileType = sourcecode.c.objc; path = Work.m; sourceTree = "<group>"; };
		6CFCBCA21D1623E400C186AC /* Person.h */ = {isa = PBXFileReference; fileEncoding = 4; lastKnownFileType = sourcecode.c.h; path = Person.h; sourceTree = "<group>"; };
		6CFCBCA31D1623E400C186AC /* Person.m */ = {isa = PBXFileReference; fileEncoding = 4; lastKnownFileType = sourcecode.c.objc; path = Person.m; sourceTree = "<group>"; };
		6CFCBCA51D16B4F000C186AC /* WorkEngine.h */ = {isa = PBXFileReference; fileEncoding = 4; lastKnownFileType = sourcecode.c.h; path = WorkEngine.h; sourceTree = "<group>"; };
		6CFCBCA61D16B4F000C186AC /* WorkEngine.m */ = {isa = PBXFileReference; fileEncoding = 4; lastKnownFileType = sourcecode.c.objc; path = WorkEngine.m; sourceTree = "<group>"; };
		6CFCBCA81D16D49B00C186AC /* PersonEngine.h */ = {isa = PBXFileReference; fileEncoding = 4; lastKnownFileType = sourcecode.c.h; path = PersonEngine.h; sourceTree = "<group>"; };
		6CFCBCA91D16D49B00C186AC /* PersonEngine.m */ = {isa = PBXFileReference; fileEncoding = 4; lastKnownFileType = sourcecode.c.objc; path = PersonEngine.m; sourceTree = "<group>"; };
/* End PBXFileReference section */

/* Begin PBXFrameworksBuildPhase section */
		6CFCBC741D16233300C186AC /* Frameworks */ = {
			isa = PBXFrameworksBuildPhase;
			buildActionMask = 2147483647;
			files = (
			);
			runOnlyForDeploymentPostprocessing = 0;
		};
		6CFCBC8D1D16233300C186AC /* Frameworks */ = {
			isa = PBXFrameworksBuildPhase;
			buildActionMask = 2147483647;
			files = (
			);
			runOnlyForDeploymentPostprocessing = 0;
		};
/* End PBXFrameworksBuildPhase section */

/* Begin PBXGroup section */
		6CFCBC6E1D16233300C186AC = {
			isa = PBXGroup;
			children = (
				6CFCBC791D16233300C186AC /* paiban */,
				6CFCBC931D16233300C186AC /* paibanUITests */,
				6CFCBC781D16233300C186AC /* Products */,
			);
			sourceTree = "<group>";
		};
		6CFCBC781D16233300C186AC /* Products */ = {
			isa = PBXGroup;
			children = (
				6CFCBC771D16233300C186AC /* paiban.app */,
				6CFCBC901D16233300C186AC /* paibanUITests.xctest */,
			);
			name = Products;
			sourceTree = "<group>";
		};
		6CFCBC791D16233300C186AC /* paiban */ = {
			isa = PBXGroup;
			children = (
				6CFCBC7D1D16233300C186AC /* AppDelegate.h */,
				6CFCBC7E1D16233300C186AC /* AppDelegate.m */,
				6CFCBC801D16233300C186AC /* ViewController.h */,
				6CFCBC811D16233300C186AC /* ViewController.m */,
				6CFCBCA51D16B4F000C186AC /* WorkEngine.h */,
				6CFCBCA61D16B4F000C186AC /* WorkEngine.m */,
				6CFCBC9F1D1623D400C186AC /* Work.h */,
				6CFCBCA01D1623D400C186AC /* Work.m */,
				6CFCBCA21D1623E400C186AC /* Person.h */,
				6CFCBCA31D1623E400C186AC /* Person.m */,
				6CFCBCA81D16D49B00C186AC /* PersonEngine.h */,
				6CFCBCA91D16D49B00C186AC /* PersonEngine.m */,
				6CFCBC831D16233300C186AC /* Main.storyboard */,
				6CFCBC861D16233300C186AC /* Assets.xcassets */,
				6CFCBC881D16233300C186AC /* LaunchScreen.storyboard */,
				6CFCBC8B1D16233300C186AC /* Info.plist */,
				6CFCBC7A1D16233300C186AC /* Supporting Files */,
			);
			path = paiban;
			sourceTree = "<group>";
		};
		6CFCBC7A1D16233300C186AC /* Supporting Files */ = {
			isa = PBXGroup;
			children = (
				6CFCBC7B1D16233300C186AC /* main.m */,
			);
			name = "Supporting Files";
			sourceTree = "<group>";
		};
		6CFCBC931D16233300C186AC /* paibanUITests */ = {
			isa = PBXGroup;
			children = (
				6CFCBC941D16233300C186AC /* paibanUITests.m */,
				6CFCBC961D16233300C186AC /* Info.plist */,
			);
			path = paibanUITests;
			sourceTree = "<group>";
		};
/* End PBXGroup section */

/* Begin PBXNativeTarget section */
		6CFCBC761D16233300C186AC /* paiban */ = {
			isa = PBXNativeTarget;
			buildConfigurationList = 6CFCBC991D16233300C186AC /* Build configuration list for PBXNativeTarget "paiban" */;
			buildPhases = (
				6CFCBC731D16233300C186AC /* Sources */,
				6CFCBC741D16233300C186AC /* Frameworks */,
				6CFCBC751D16233300C186AC /* Resources */,
			);
			buildRules = (
			);
			dependencies = (
			);
			name = paiban;
			productName = paiban;
			productReference = 6CFCBC771D16233300C186AC /* paiban.app */;
			productType = "com.apple.product-type.application";
		};
		6CFCBC8F1D16233300C186AC /* paibanUITests */ = {
			isa = PBXNativeTarget;
			buildConfigurationList = 6CFCBC9C1D16233300C186AC /* Build configuration list for PBXNativeTarget "paibanUITests" */;
			buildPhases = (
				6CFCBC8C1D16233300C186AC /* Sources */,
				6CFCBC8D1D16233300C186AC /* Frameworks */,
				6CFCBC8E1D16233300C186AC /* Resources */,
			);
			buildRules = (
			);
			dependencies = (
				6CFCBC921D16233300C186AC /* PBXTargetDependency */,
			);
			name = paibanUITests;
			productName = paibanUITests;
			productReference = 6CFCBC901D16233300C186AC /* paibanUITests.xctest */;
			productType = "com.apple.product-type.bundle.ui-testing";
		};
/* End PBXNativeTarget section */

/* Begin PBXProject section */
		6CFCBC6F1D16233300C186AC /* Project object */ = {
			isa = PBXProject;
			attributes = {
				LastUpgradeCheck = 0730;
				ORGANIZATIONNAME = wangjianfei;
				TargetAttributes = {
					6CFCBC761D16233300C186AC = {
						CreatedOnToolsVersion = 7.3.1;
					};
					6CFCBC8F1D16233300C186AC = {
						CreatedOnToolsVersion = 7.3.1;
						TestTargetID = 6CFCBC761D16233300C186AC;
					};
				};
			};
			buildConfigurationList = 6CFCBC721D16233300C186AC /* Build configuration list for PBXProject "paiban" */;
			compatibilityVersion = "Xcode 3.2";
			developmentRegion = English;
			hasScannedForEncodings = 0;
			knownRegions = (
				en,
				Base,
			);
			mainGroup = 6CFCBC6E1D16233300C186AC;
			productRefGroup = 6CFCBC781D16233300C186AC /* Products */;
			projectDirPath = "";
			projectRoot = "";
			targets = (
				6CFCBC761D16233300C186AC /* paiban */,
				6CFCBC8F1D16233300C186AC /* paibanUITests */,
			);
		};
/* End PBXProject section */

/* Begin PBXResourcesBuildPhase section */
		6CFCBC751D16233300C186AC /* Resources */ = {
			isa = PBXResourcesBuildPhase;
			buildActionMask = 2147483647;
			files = (
				6CFCBC8A1D16233300C186AC /* LaunchScreen.storyboard in Resources */,
				6CFCBC871D16233300C186AC /* Assets.xcassets in Resources */,
				6CFCBC851D16233300C186AC /* Main.storyboard in Resources */,
			);
			runOnlyForDeploymentPostprocessing = 0;
		};
		6CFCBC8E1D16233300C186AC /* Resources */ = {
			isa = PBXResourcesBuildPhase;
			buildActionMask = 2147483647;
			files = (
			);
			runOnlyForDeploymentPostprocessing = 0;
		};
/* End PBXResourcesBuildPhase section */

/* Begin PBXSourcesBuildPhase section */
		6CFCBC731D16233300C186AC /* Sources */ = {
			isa = PBXSourcesBuildPhase;
			buildActionMask = 2147483647;
			files = (
				6CFCBCA71D16B4F000C186AC /* WorkEngine.m in Sources */,
				6CFCBCA11D1623D400C186AC /* Work.m in Sources */,
				6CFCBCAA1D16D49B00C186AC /* PersonEngine.m in Sources */,
				6CFCBC821D16233300C186AC /* ViewController.m in Sources */,
				6CFCBCA41D1623E400C186AC /* Person.m in Sources */,
				6CFCBC7F1D16233300C186AC /* AppDelegate.m in Sources */,
				6CFCBC7C1D16233300C186AC /* main.m in Sources */,
			);
			runOnlyForDeploymentPostprocessing = 0;
		};
		6CFCBC8C1D16233300C186AC /* Sources */ = {
			isa = PBXSourcesBuildPhase;
			buildActionMask = 2147483647;
			files = (
				6CFCBC951D16233300C186AC /* paibanUITests.m in Sources */,
			);
			runOnlyForDeploymentPostprocessing = 0;
		};
/* End PBXSourcesBuildPhase section */

/* Begin PBXTargetDependency section */
		6CFCBC921D16233300C186AC /* PBXTargetDependency */ = {
			isa = PBXTargetDependency;
			target = 6CFCBC761D16233300C186AC /* paiban */;
			targetProxy = 6CFCBC911D16233300C186AC /* PBXContainerItemProxy */;
		};
/* End PBXTargetDependency section */

/* Begin PBXVariantGroup section */
		6CFCBC831D16233300C186AC /* Main.storyboard */ = {
			isa = PBXVariantGroup;
			children = (
				6CFCBC841D16233300C186AC /* Base */,
			);
			name = Main.storyboard;
			sourceTree = "<group>";
		};
		6CFCBC881D16233300C186AC /* LaunchScreen.storyboard */ = {
			isa = PBXVariantGroup;
			children = (
				6CFCBC891D16233300C186AC /* Base */,
			);
			name = LaunchScreen.storyboard;
			sourceTree = "<group>";
		};
/* End PBXVariantGroup section */

/* Begin XCBuildConfiguration section */
		6CFCBC971D16233300C186AC /* Debug */ = {
			isa = XCBuildConfiguration;
			buildSettings = {
				ALWAYS_SEARCH_USER_PATHS = NO;
				CLANG_ANALYZER_NONNULL = YES;
				CLANG_CXX_LANGUAGE_STANDARD = "gnu++0x";
				CLANG_CXX_LIBRARY = "libc++";
				CLANG_ENABLE_MODULES = YES;
				CLANG_ENABLE_OBJC_ARC = YES;
				CLANG_WARN_BOOL_CONVERSION = YES;
				CLANG_WARN_CONSTANT_CONVERSION = YES;
				CLANG_WARN_DIRECT_OBJC_ISA_USAGE = YES_ERROR;
				CLANG_WARN_EMPTY_BODY = YES;
				CLANG_WARN_ENUM_CONVERSION = YES;
				CLANG_WARN_INT_CONVERSION = YES;
				CLANG_WARN_OBJC_ROOT_CLASS = YES_ERROR;
				CLANG_WARN_UNREACHABLE_CODE = YES;
				CLANG_WARN__DUPLICATE_METHOD_MATCH = YES;
				"CODE_SIGN_IDENTITY[sdk=iphoneos*]" = "iPhone Developer";
				COPY_PHASE_STRIP = NO;
				DEBUG_INFORMATION_FORMAT = dwarf;
				ENABLE_STRICT_OBJC_MSGSEND = YES;
				ENABLE_TESTABILITY = YES;
				GCC_C_LANGUAGE_STANDARD = gnu99;
				GCC_DYNAMIC_NO_PIC = NO;
				GCC_NO_COMMON_BLOCKS = YES;
				GCC_OPTIMIZATION_LEVEL = 0;
				GCC_PREPROCESSOR_DEFINITIONS = (
					"DEBUG=1",
					"$(inherited)",
				);
				GCC_WARN_64_TO_32_BIT_CONVERSION = YES;
				GCC_WARN_ABOUT_RETURN_TYPE = YES_ERROR;
				GCC_WARN_UNDECLARED_SELECTOR = YES;
				GCC_WARN_UNINITIALIZED_AUTOS = YES_AGGRESSIVE;
				GCC_WARN_UNUSED_FUNCTION = YES;
				GCC_WARN_UNUSED_VARIABLE = YES;
				IPHONEOS_DEPLOYMENT_TARGET = 9.3;
				MTL_ENABLE_DEBUG_INFO = YES;
				ONLY_ACTIVE_ARCH = YES;
				SDKROOT = iphoneos;
				TARGETED_DEVICE_FAMILY = "1,2";
			};
			name = Debug;
		};
		6CFCBC981D16233300C186AC /* Release */ = {
			isa = XCBuildConfiguration;
			buildSettings = {
				ALWAYS_SEARCH_USER_PATHS = NO;
				CLANG_ANALYZER_NONNULL = YES;
				CLANG_CXX_LANGUAGE_STANDARD = "gnu++0x";
				CLANG_CXX_LIBRARY = "libc++";
				CLANG_ENABLE_MODULES = YES;
				CLANG_ENABLE_OBJC_ARC = YES;
				CLANG_WARN_BOOL_CONVERSION = YES;
				CLANG_WARN_CONSTANT_CONVERSION = YES;
				CLANG_WARN_DIRECT_OBJC_ISA_USAGE = YES_ERROR;
				CLANG_WARN_EMPTY_BODY = YES;
				CLANG_WARN_ENUM_CONVERSION = YES;
				CLANG_WARN_INT_CONVERSION = YES;
				CLANG_WARN_OBJC_ROOT_CLASS = YES_ERROR;
				CLANG_WARN_UNREACHABLE_CODE = YES;
				CLANG_WARN__DUPLICATE_METHOD_MATCH = YES;
				"CODE_SIGN_IDENTITY[sdk=iphoneos*]" = "iPhone Developer";
				COPY_PHASE_STRIP = NO;
				DEBUG_INFORMATION_FORMAT = "dwarf-with-dsym";
				ENABLE_NS_ASSERTIONS = NO;
				ENABLE_STRICT_OBJC_MSGSEND = YES;
				GCC_C_LANGUAGE_STANDARD = gnu99;
				GCC_NO_COMMON_BLOCKS = YES;
				GCC_WARN_64_TO_32_BIT_CONVERSION = YES;
				GCC_WARN_ABOUT_RETURN_TYPE = YES_ERROR;
				GCC_WARN_UNDECLARED_SELECTOR = YES;
				GCC_WARN_UNINITIALIZED_AUTOS = YES_AGGRESSIVE;
				GCC_WARN_UNUSED_FUNCTION = YES;
				GCC_WARN_UNUSED_VARIABLE = YES;
				IPHONEOS_DEPLOYMENT_TARGET = 9.3;
				MTL_ENABLE_DEBUG_INFO = NO;
				SDKROOT = iphoneos;
				TARGETED_DEVICE_FAMILY = "1,2";
				VALIDATE_PRODUCT = YES;
			};
			name = Release;
		};
		6CFCBC9A1D16233300C186AC /* Debug */ = {
			isa = XCBuildConfiguration;
			buildSettings = {
				ASSETCATALOG_COMPILER_APPICON_NAME = AppIcon;
				INFOPLIST_FILE = paiban/Info.plist;
				LD_RUNPATH_SEARCH_PATHS = "$(inherited) @executable_path/Frameworks";
				PRODUCT_BUNDLE_IDENTIFIER = com.netease.y.paiban;
				PRODUCT_NAME = "$(TARGET_NAME)";
			};
			name = Debug;
		};
		6CFCBC9B1D16233300C186AC /* Release */ = {
			isa = XCBuildConfiguration;
			buildSettings = {
				ASSETCATALOG_COMPILER_APPICON_NAME = AppIcon;
				INFOPLIST_FILE = paiban/Info.plist;
				LD_RUNPATH_SEARCH_PATHS = "$(inherited) @executable_path/Frameworks";
				PRODUCT_BUNDLE_IDENTIFIER = com.netease.y.paiban;
				PRODUCT_NAME = "$(TARGET_NAME)";
			};
			name = Release;
		};
		6CFCBC9D1D16233300C186AC /* Debug */ = {
			isa = XCBuildConfiguration;
			buildSettings = {
				INFOPLIST_FILE = paibanUITests/Info.plist;
				LD_RUNPATH_SEARCH_PATHS = "$(inherited) @executable_path/Frameworks @loader_path/Frameworks";
				PRODUCT_BUNDLE_IDENTIFIER = com.netease.y.paibanUITests;
				PRODUCT_NAME = "$(TARGET_NAME)";
				TEST_TARGET_NAME = paiban;
			};
			name = Debug;
		};
		6CFCBC9E1D16233300C186AC /* Release */ = {
			isa = XCBuildConfiguration;
			buildSettings = {
				INFOPLIST_FILE = paibanUITests/Info.plist;
				LD_RUNPATH_SEARCH_PATHS = "$(inherited) @executable_path/Frameworks @loader_path/Frameworks";
				PRODUCT_BUNDLE_IDENTIFIER = com.netease.y.paibanUITests;
				PRODUCT_NAME = "$(TARGET_NAME)";
				TEST_TARGET_NAME = paiban;
			};
			name = Release;
		};
/* End XCBuildConfiguration section */

/* Begin XCConfigurationList section */
		6CFCBC721D16233300C186AC /* Build configuration list for PBXProject "paiban" */ = {
			isa = XCConfigurationList;
			buildConfigurations = (
				6CFCBC971D16233300C186AC /* Debug */,
				6CFCBC981D16233300C186AC /* Release */,
			);
			defaultConfigurationIsVisible = 0;
			defaultConfigurationName = Release;
		};
		6CFCBC991D16233300C186AC /* Build configuration list for PBXNativeTarget "paiban" */ = {
			isa = XCConfigurationList;
			buildConfigurations = (
				6CFCBC9A1D16233300C186AC /* Debug */,
				6CFCBC9B1D16233300C186AC /* Release */,
			);
			defaultConfigurationIsVisible = 0;
		};
		6CFCBC9C1D16233300C186AC /* Build configuration list for PBXNativeTarget "paibanUITests" */ = {
			isa = XCConfigurationList;
			buildConfigurations = (
				6CFCBC9D1D16233300C186AC /* Debug */,
				6CFCBC9E1D16233300C186AC /* Release */,
			);
			defaultConfigurationIsVisible = 0;
		};
/* End XCConfigurationList section */
	};
	rootObject = 6CFCBC6F1D16233300C186AC /* Project object */;
}
